
Microsoft Visual Studio Solution File, Format Version 12.00
# Visual Studio Version 16
VisualStudioVersion = 16.0.33927.289
MinimumVisualStudioVersion = 10.0.40219.1
Project("{2150E333-8FDC-42A3-9474-1A3956D46DE8}") = "Task0", "Task0", "{B869A928-B46D-4C7C-976E-D507420CF7F0}"
EndProject
Project("{FAE04EC0-301F-11D3-BF4B-00C04F79EFBC}") = "Tyuiu.GrigorevKU.Sprint5.Task0.V8", "Tyuiu.GrigorevKU.Sprint5.Task0.V8\Tyuiu.GrigorevKU.Sprint5.Task0.V8.csproj", "{D14CA66B-8FCA-43EB-BC8C-31F06D5C6685}"
EndProject
Project("{FAE04EC0-301F-11D3-BF4B-00C04F79EFBC}") = "Tyuiu.GrigorevKU.Sprint5.Task0.V8.Lib", "Tyuiu.GrigorevKU.Sprint5.Task0.V8.Lib\Tyuiu.GrigorevKU.Sprint5.Task0.V8.Lib.csproj", "{1631FC9D-9328-4256-A720-88BD9F4023BF}"
EndProject
Project("{FAE04EC0-301F-11D3-BF4B-00C04F79EFBC}") = "Tyuiu.GrigorevKU.Sprint5.Task0.V8.Test", "Tyuiu.GrigorevKU.Sprint5.Task0.V8.Test\Tyuiu.GrigorevKU.Sprint5.Task0.V8.Test.csproj", "{845C4513-182E-460C-B3F5-65B16DD75398}"
EndProject
Project("{2150E333-8FDC-42A3-9474-1A3956D46DE8}") = "Task1", "Task1", "{5BF74384-D49D-4BF6-A8A5-63FFFDE6AF8D}"
EndProject
Project("{FAE04EC0-301F-11D3-BF4B-00C04F79EFBC}") = "Tyuiu.GrigorevKU.Sprint5.Task1.V10", "Tyuiu.GrigorevKU.Sprint5.Task1.V10\Tyuiu.GrigorevKU.Sprint5.Task1.V10.csproj", "{E1606CB3-D197-4A97-A3D4-C48A1963BF41}"
EndProject
Project("{FAE04EC0-301F-11D3-BF4B-00C04F79EFBC}") = "Tyuiu.GrigorevKU.Sprint5.Task1.V10.Test", "Tyuiu.GrigorevKU.Sprint5.Task1.V10.Test\Tyuiu.GrigorevKU.Sprint5.Task1.V10.Test.csproj", "{5FDD4E3C-5A33-46B1-BC47-9AD902DEA532}"
EndProject
Project("{FAE04EC0-301F-11D3-BF4B-00C04F79EFBC}") = "Tyuiu.GrigorevKU.Sprint5.Task1.V10.Lib", "Tyuiu.GrigorevKU.Sprint5.Task1.V10.Lib\Tyuiu.GrigorevKU.Sprint5.Task1.V10.Lib.csproj", "{642049E5-4B16-493E-BC92-2830414F4A64}"
EndProject
Project("{2150E333-8FDC-42A3-9474-1A3956D46DE8}") = "Task2", "Task2", "{20C0B759-FFC8-4642-8377-3D5DA78EED76}"
EndProject
Project("{FAE04EC0-301F-11D3-BF4B-00C04F79EFBC}") = "Tyuiu.GrigorevKU.Sprint5.Task2.V14.Lib", "Tyuiu.GrigorevKU.Sprint5.Task2.V14.Lib\Tyuiu.GrigorevKU.Sprint5.Task2.V14.Lib.csproj", "{AC2A877C-D2EF-45D3-A3F5-8FD708932A22}"
EndProject
Project("{FAE04EC0-301F-11D3-BF4B-00C04F79EFBC}") = "Tyuiu.GrigorevKU.Sprint5.Task2.V14.Test", "Tyuiu.GrigorevKU.Sprint5.Task2.V14.Test\Tyuiu.GrigorevKU.Sprint5.Task2.V14.Test.csproj", "{C4BC7A14-2014-4A7E-8289-79AB56FA69D0}"
EndProject
Project("{FAE04EC0-301F-11D3-BF4B-00C04F79EFBC}") = "Tyuiu.GrigorevKU.Sprint5.Task2.V14", "Tyuiu.GrigorevKU.Sprint5.Task2.V14\Tyuiu.GrigorevKU.Sprint5.Task2.V14.csproj", "{C100AD55-CBC5-4BA0-8B7A-F2BD7FFB1195}"
EndProject
Project("{2150E333-8FDC-42A3-9474-1A3956D46DE8}") = "Task3", "Task3", "{594CB731-EE47-4A93-8071-69ED23C7F448}"
EndProject
Project("{FAE04EC0-301F-11D3-BF4B-00C04F79EFBC}") = "Tyuiu.GrigorevKU.Sprint5.Task3.V12", "Tyuiu.GrigorevKU.Sprint5.Task3.V12\Tyuiu.GrigorevKU.Sprint5.Task3.V12.csproj", "{D8DD2447-F540-4E93-A52B-FB41FB4547D4}"
EndProject
Project("{FAE04EC0-301F-11D3-BF4B-00C04F79EFBC}") = "Tyuiu.GrigorevKU.Sprint5.Task3.V12.Test", "Tyuiu.GrigorevKU.Sprint5.Task3.V12.Test\Tyuiu.GrigorevKU.Sprint5.Task3.V12.Test.csproj", "{F2CFD2A1-EC07-4375-891B-C83E438BD652}"
EndProject
Project("{FAE04EC0-301F-11D3-BF4B-00C04F79EFBC}") = "Tyuiu.GrigorevKU.Sprint5.Task3.V12.Lib", "Tyuiu.GrigorevKU.Sprint5.Task3.V12.Lib\Tyuiu.GrigorevKU.Sprint5.Task3.V12.Lib.csproj", "{9F788089-4CF2-49B9-9596-1381E93D3709}"
EndProject
Project("{2150E333-8FDC-42A3-9474-1A3956D46DE8}") = "Task4", "Task4", "{B5A081CA-1812-40FB-AC6C-39FC0EFDDF62}"
EndProject
Project("{FAE04EC0-301F-11D3-BF4B-00C04F79EFBC}") = "Tyuiu.GrigorevKU.Sprint5.Task4.V1", "Tyuiu.GrigorevKU.Sprint5.Task4.V1\Tyuiu.GrigorevKU.Sprint5.Task4.V1.csproj", "{906AE78D-C566-46C7-B258-C710FBFFD27A}"
EndProject
Project("{FAE04EC0-301F-11D3-BF4B-00C04F79EFBC}") = "Tyuiu.GrigorevKU.Sprint5.Task4.V1.Lib", "Tyuiu.GrigorevKU.Sprint5.Task4.V1.Lib\Tyuiu.GrigorevKU.Sprint5.Task4.V1.Lib.csproj", "{81724CB1-A7DA-431F-8EDD-1CF38C93ABC3}"
EndProject
Project("{FAE04EC0-301F-11D3-BF4B-00C04F79EFBC}") = "Tyuiu.GrigorevKU.Sprint5.Task4.V1.Test", "Tyuiu.GrigorevKU.Sprint5.Task4.V1.Test\Tyuiu.GrigorevKU.Sprint5.Task4.V1.Test.csproj", "{808488A4-80CC-4C35-8628-B4F4AFF6A7D9}"
EndProject
Project("{2150E333-8FDC-42A3-9474-1A3956D46DE8}") = "Task5", "Task5", "{A7F064DC-573C-483B-86F2-8AA1DFCA91EE}"
EndProject
Project("{FAE04EC0-301F-11D3-BF4B-00C04F79EFBC}") = "Tyuiu.GrigorevKU.Sprint5.Task5.V14", "Tyuiu.GrigorevKU.Sprint5.Task5.V14\Tyuiu.GrigorevKU.Sprint5.Task5.V14.csproj", "{482891A3-A178-4E22-AFF1-01BF31078BE4}"
EndProject
Project("{FAE04EC0-301F-11D3-BF4B-00C04F79EFBC}") = "Tyuiu.GrigorevKU.Sprint5.Task5.V14.Lib", "Tyuiu.GrigorevKU.Sprint5.Task5.V14.Lib\Tyuiu.GrigorevKU.Sprint5.Task5.V14.Lib.csproj", "{C6B69F2E-D3AF-4129-B1D0-EE8F9780A98F}"
EndProject
Project("{FAE04EC0-301F-11D3-BF4B-00C04F79EFBC}") = "Tyuiu.GrigorevKU.Sprint5.Task5.V14.Test", "Tyuiu.GrigorevKU.Sprint5.Task5.V14.Test\Tyuiu.GrigorevKU.Sprint5.Task5.V14.Test.csproj", "{C55BC6B8-5FCA-49EC-9CA5-59287110E6D9}"
EndProject
Project("{2150E333-8FDC-42A3-9474-1A3956D46DE8}") = "Task6", "Task6", "{C8454799-F5BA-4249-9CC9-94B20EF86370}"
EndProject
Project("{FAE04EC0-301F-11D3-BF4B-00C04F79EFBC}") = "Tyuiu.GrigorevKU.Sprint5.Task6.V8", "Tyuiu.GrigorevKU.Sprint5.Task6.V8\Tyuiu.GrigorevKU.Sprint5.Task6.V8.csproj", "{68727208-D819-4605-A43E-6EE60639D08C}"
EndProject
Project("{FAE04EC0-301F-11D3-BF4B-00C04F79EFBC}") = "Tyuiu.GrigorevKU.Sprint5.Task6.V8.Lib", "Tyuiu.GrigorevKU.Sprint5.Task6.V8.Lib\Tyuiu.GrigorevKU.Sprint5.Task6.V8.Lib.csproj", "{1AB7E7B1-5C8B-49B3-BB78-050881E0FA7B}"
EndProject
Project("{FAE04EC0-301F-11D3-BF4B-00C04F79EFBC}") = "Tyuiu.GrigorevKU.Sprint5.Task6.V8.Test", "Tyuiu.GrigorevKU.Sprint5.Task6.V8.Test\Tyuiu.GrigorevKU.Sprint5.Task6.V8.Test.csproj", "{5C77818C-5687-4F75-86DD-24A9422DC1C5}"
EndProject
Global
	GlobalSection(SolutionConfigurationPlatforms) = preSolution
		Debug|Any CPU = Debug|Any CPU
		Release|Any CPU = Release|Any CPU
	EndGlobalSection
	GlobalSection(ProjectConfigurationPlatforms) = postSolution
		{D14CA66B-8FCA-43EB-BC8C-31F06D5C6685}.Debug|Any CPU.ActiveCfg = Debug|Any CPU
		{D14CA66B-8FCA-43EB-BC8C-31F06D5C6685}.Debug|Any CPU.Build.0 = Debug|Any CPU
		{D14CA66B-8FCA-43EB-BC8C-31F06D5C6685}.Release|Any CPU.ActiveCfg = Release|Any CPU
		{D14CA66B-8FCA-43EB-BC8C-31F06D5C6685}.Release|Any CPU.Build.0 = Release|Any CPU
		{1631FC9D-9328-4256-A720-88BD9F4023BF}.Debug|Any CPU.ActiveCfg = Debug|Any CPU
		{1631FC9D-9328-4256-A720-88BD9F4023BF}.Debug|Any CPU.Build.0 = Debug|Any CPU
		{1631FC9D-9328-4256-A720-88BD9F4023BF}.Release|Any CPU.ActiveCfg = Release|Any CPU
		{1631FC9D-9328-4256-A720-88BD9F4023BF}.Release|Any CPU.Build.0 = Release|Any CPU
		{845C4513-182E-460C-B3F5-65B16DD75398}.Debug|Any CPU.ActiveCfg = Debug|Any CPU
		{845C4513-182E-460C-B3F5-65B16DD75398}.Debug|Any CPU.Build.0 = Debug|Any CPU
		{845C4513-182E-460C-B3F5-65B16DD75398}.Release|Any CPU.ActiveCfg = Release|Any CPU
		{845C4513-182E-460C-B3F5-65B16DD75398}.Release|Any CPU.Build.0 = Release|Any CPU
		{E1606CB3-D197-4A97-A3D4-C48A1963BF41}.Debug|Any CPU.ActiveCfg = Debug|Any CPU
		{E1606CB3-D197-4A97-A3D4-C48A1963BF41}.Debug|Any CPU.Build.0 = Debug|Any CPU
		{E1606CB3-D197-4A97-A3D4-C48A1963BF41}.Release|Any CPU.ActiveCfg = Release|Any CPU
		{E1606CB3-D197-4A97-A3D4-C48A1963BF41}.Release|Any CPU.Build.0 = Release|Any CPU
		{5FDD4E3C-5A33-46B1-BC47-9AD902DEA532}.Debug|Any CPU.ActiveCfg = Debug|Any CPU
		{5FDD4E3C-5A33-46B1-BC47-9AD902DEA532}.Debug|Any CPU.Build.0 = Debug|Any CPU
		{5FDD4E3C-5A33-46B1-BC47-9AD902DEA532}.Release|Any CPU.ActiveCfg = Release|Any CPU
		{5FDD4E3C-5A33-46B1-BC47-9AD902DEA532}.Release|Any CPU.Build.0 = Release|Any CPU
		{642049E5-4B16-493E-BC92-2830414F4A64}.Debug|Any CPU.ActiveCfg = Debug|Any CPU
		{642049E5-4B16-493E-BC92-2830414F4A64}.Debug|Any CPU.Build.0 = Debug|Any CPU
		{642049E5-4B16-493E-BC92-2830414F4A64}.Release|Any CPU.ActiveCfg = Release|Any CPU
		{642049E5-4B16-493E-BC92-2830414F4A64}.Release|Any CPU.Build.0 = Release|Any CPU
		{AC2A877C-D2EF-45D3-A3F5-8FD708932A22}.Debug|Any CPU.ActiveCfg = Debug|Any CPU
		{AC2A877C-D2EF-45D3-A3F5-8FD708932A22}.Debug|Any CPU.Build.0 = Debug|Any CPU
		{AC2A877C-D2EF-45D3-A3F5-8FD708932A22}.Release|Any CPU.ActiveCfg = Release|Any CPU
		{AC2A877C-D2EF-45D3-A3F5-8FD708932A22}.Release|Any CPU.Build.0 = Release|Any CPU
		{C4BC7A14-2014-4A7E-8289-79AB56FA69D0}.Debug|Any CPU.ActiveCfg = Debug|Any CPU
		{C4BC7A14-2014-4A7E-8289-79AB56FA69D0}.Debug|Any CPU.Build.0 = Debug|Any CPU
		{C4BC7A14-2014-4A7E-8289-79AB56FA69D0}.Release|Any CPU.ActiveCfg = Release|Any CPU
		{C4BC7A14-2014-4A7E-8289-79AB56FA69D0}.Release|Any CPU.Build.0 = Release|Any CPU
		{C100AD55-CBC5-4BA0-8B7A-F2BD7FFB1195}.Debug|Any CPU.ActiveCfg = Debug|Any CPU
		{C100AD55-CBC5-4BA0-8B7A-F2BD7FFB1195}.Debug|Any CPU.Build.0 = Debug|Any CPU
		{C100AD55-CBC5-4BA0-8B7A-F2BD7FFB1195}.Release|Any CPU.ActiveCfg = Release|Any CPU
		{C100AD55-CBC5-4BA0-8B7A-F2BD7FFB1195}.Release|Any CPU.Build.0 = Release|Any CPU
		{D8DD2447-F540-4E93-A52B-FB41FB4547D4}.Debug|Any CPU.ActiveCfg = Debug|Any CPU
		{D8DD2447-F540-4E93-A52B-FB41FB4547D4}.Debug|Any CPU.Build.0 = Debug|Any CPU
		{D8DD2447-F540-4E93-A52B-FB41FB4547D4}.Release|Any CPU.ActiveCfg = Release|Any CPU
		{D8DD2447-F540-4E93-A52B-FB41FB4547D4}.Release|Any CPU.Build.0 = Release|Any CPU
		{F2CFD2A1-EC07-4375-891B-C83E438BD652}.Debug|Any CPU.ActiveCfg = Debug|Any CPU
		{F2CFD2A1-EC07-4375-891B-C83E438BD652}.Debug|Any CPU.Build.0 = Debug|Any CPU
		{F2CFD2A1-EC07-4375-891B-C83E438BD652}.Release|Any CPU.ActiveCfg = Release|Any CPU
		{F2CFD2A1-EC07-4375-891B-C83E438BD652}.Release|Any CPU.Build.0 = Release|Any CPU
		{9F788089-4CF2-49B9-9596-1381E93D3709}.Debug|Any CPU.ActiveCfg = Debug|Any CPU
		{9F788089-4CF2-49B9-9596-1381E93D3709}.Debug|Any CPU.Build.0 = Debug|Any CPU
		{9F788089-4CF2-49B9-9596-1381E93D3709}.Release|Any CPU.ActiveCfg = Release|Any CPU
		{9F788089-4CF2-49B9-9596-1381E93D3709}.Release|Any CPU.Build.0 = Release|Any CPU
		{906AE78D-C566-46C7-B258-C710FBFFD27A}.Debug|Any CPU.ActiveCfg = Debug|Any CPU
		{906AE78D-C566-46C7-B258-C710FBFFD27A}.Debug|Any CPU.Build.0 = Debug|Any CPU
		{906AE78D-C566-46C7-B258-C710FBFFD27A}.Release|Any CPU.ActiveCfg = Release|Any CPU
		{906AE78D-C566-46C7-B258-C710FBFFD27A}.Release|Any CPU.Build.0 = Release|Any CPU
		{81724CB1-A7DA-431F-8EDD-1CF38C93ABC3}.Debug|Any CPU.ActiveCfg = Debug|Any CPU
		{81724CB1-A7DA-431F-8EDD-1CF38C93ABC3}.Debug|Any CPU.Build.0 = Debug|Any CPU
		{81724CB1-A7DA-431F-8EDD-1CF38C93ABC3}.Release|Any CPU.ActiveCfg = Release|Any CPU
		{81724CB1-A7DA-431F-8EDD-1CF38C93ABC3}.Release|Any CPU.Build.0 = Release|Any CPU
		{808488A4-80CC-4C35-8628-B4F4AFF6A7D9}.Debug|Any CPU.ActiveCfg = Debug|Any CPU
		{808488A4-80CC-4C35-8628-B4F4AFF6A7D9}.Debug|Any CPU.Build.0 = Debug|Any CPU
		{808488A4-80CC-4C35-8628-B4F4AFF6A7D9}.Release|Any CPU.ActiveCfg = Release|Any CPU
		{808488A4-80CC-4C35-8628-B4F4AFF6A7D9}.Release|Any CPU.Build.0 = Release|Any CPU
		{482891A3-A178-4E22-AFF1-01BF31078BE4}.Debug|Any CPU.ActiveCfg = Debug|Any CPU
		{482891A3-A178-4E22-AFF1-01BF31078BE4}.Debug|Any CPU.Build.0 = Debug|Any CPU
		{482891A3-A178-4E22-AFF1-01BF31078BE4}.Release|Any CPU.ActiveCfg = Release|Any CPU
		{482891A3-A178-4E22-AFF1-01BF31078BE4}.Release|Any CPU.Build.0 = Release|Any CPU
		{C6B69F2E-D3AF-4129-B1D0-EE8F9780A98F}.Debug|Any CPU.ActiveCfg = Debug|Any CPU
		{C6B69F2E-D3AF-4129-B1D0-EE8F9780A98F}.Debug|Any CPU.Build.0 = Debug|Any CPU
		{C6B69F2E-D3AF-4129-B1D0-EE8F9780A98F}.Release|Any CPU.ActiveCfg = Release|Any CPU
		{C6B69F2E-D3AF-4129-B1D0-EE8F9780A98F}.Release|Any CPU.Build.0 = Release|Any CPU
		{C55BC6B8-5FCA-49EC-9CA5-59287110E6D9}.Debug|Any CPU.ActiveCfg = Debug|Any CPU
		{C55BC6B8-5FCA-49EC-9CA5-59287110E6D9}.Debug|Any CPU.Build.0 = Debug|Any CPU
		{C55BC6B8-5FCA-49EC-9CA5-59287110E6D9}.Release|Any CPU.ActiveCfg = Release|Any CPU
		{C55BC6B8-5FCA-49EC-9CA5-59287110E6D9}.Release|Any CPU.Build.0 = Release|Any CPU
		{68727208-D819-4605-A43E-6EE60639D08C}.Debug|Any CPU.ActiveCfg = Debug|Any CPU
		{68727208-D819-4605-A43E-6EE60639D08C}.Debug|Any CPU.Build.0 = Debug|Any CPU
		{68727208-D819-4605-A43E-6EE60639D08C}.Release|Any CPU.ActiveCfg = Release|Any CPU
		{68727208-D819-4605-A43E-6EE60639D08C}.Release|Any CPU.Build.0 = Release|Any CPU
		{1AB7E7B1-5C8B-49B3-BB78-050881E0FA7B}.Debug|Any CPU.ActiveCfg = Debug|Any CPU
		{1AB7E7B1-5C8B-49B3-BB78-050881E0FA7B}.Debug|Any CPU.Build.0 = Debug|Any CPU
		{1AB7E7B1-5C8B-49B3-BB78-050881E0FA7B}.Release|Any CPU.ActiveCfg = Release|Any CPU
		{1AB7E7B1-5C8B-49B3-BB78-050881E0FA7B}.Release|Any CPU.Build.0 = Release|Any CPU
		{5C77818C-5687-4F75-86DD-24A9422DC1C5}.Debug|Any CPU.ActiveCfg = Debug|Any CPU
		{5C77818C-5687-4F75-86DD-24A9422DC1C5}.Debug|Any CPU.Build.0 = Debug|Any CPU
		{5C77818C-5687-4F75-86DD-24A9422DC1C5}.Release|Any CPU.ActiveCfg = Release|Any CPU
		{5C77818C-5687-4F75-86DD-24A9422DC1C5}.Release|Any CPU.Build.0 = Release|Any CPU
	EndGlobalSection
	GlobalSection(SolutionProperties) = preSolution
		HideSolutionNode = FALSE
	EndGlobalSection
	GlobalSection(NestedProjects) = preSolution
		{D14CA66B-8FCA-43EB-BC8C-31F06D5C6685} = {B869A928-B46D-4C7C-976E-D507420CF7F0}
		{1631FC9D-9328-4256-A720-88BD9F4023BF} = {B869A928-B46D-4C7C-976E-D507420CF7F0}
		{845C4513-182E-460C-B3F5-65B16DD75398} = {B869A928-B46D-4C7C-976E-D507420CF7F0}
		{E1606CB3-D197-4A97-A3D4-C48A1963BF41} = {5BF74384-D49D-4BF6-A8A5-63FFFDE6AF8D}
		{5FDD4E3C-5A33-46B1-BC47-9AD902DEA532} = {5BF74384-D49D-4BF6-A8A5-63FFFDE6AF8D}
		{642049E5-4B16-493E-BC92-2830414F4A64} = {5BF74384-D49D-4BF6-A8A5-63FFFDE6AF8D}
		{AC2A877C-D2EF-45D3-A3F5-8FD708932A22} = {20C0B759-FFC8-4642-8377-3D5DA78EED76}
		{C4BC7A14-2014-4A7E-8289-79AB56FA69D0} = {20C0B759-FFC8-4642-8377-3D5DA78EED76}
		{C100AD55-CBC5-4BA0-8B7A-F2BD7FFB1195} = {20C0B759-FFC8-4642-8377-3D5DA78EED76}
		{D8DD2447-F540-4E93-A52B-FB41FB4547D4} = {594CB731-EE47-4A93-8071-69ED23C7F448}
		{F2CFD2A1-EC07-4375-891B-C83E438BD652} = {594CB731-EE47-4A93-8071-69ED23C7F448}
		{9F788089-4CF2-49B9-9596-1381E93D3709} = {594CB731-EE47-4A93-8071-69ED23C7F448}
		{906AE78D-C566-46C7-B258-C710FBFFD27A} = {B5A081CA-1812-40FB-AC6C-39FC0EFDDF62}
		{81724CB1-A7DA-431F-8EDD-1CF38C93ABC3} = {B5A081CA-1812-40FB-AC6C-39FC0EFDDF62}
		{808488A4-80CC-4C35-8628-B4F4AFF6A7D9} = {B5A081CA-1812-40FB-AC6C-39FC0EFDDF62}
		{482891A3-A178-4E22-AFF1-01BF31078BE4} = {A7F064DC-573C-483B-86F2-8AA1DFCA91EE}
		{C6B69F2E-D3AF-4129-B1D0-EE8F9780A98F} = {A7F064DC-573C-483B-86F2-8AA1DFCA91EE}
		{C55BC6B8-5FCA-49EC-9CA5-59287110E6D9} = {A7F064DC-573C-483B-86F2-8AA1DFCA91EE}
		{68727208-D819-4605-A43E-6EE60639D08C} = {C8454799-F5BA-4249-9CC9-94B20EF86370}
		{1AB7E7B1-5C8B-49B3-BB78-050881E0FA7B} = {C8454799-F5BA-4249-9CC9-94B20EF86370}
		{5C77818C-5687-4F75-86DD-24A9422DC1C5} = {C8454799-F5BA-4249-9CC9-94B20EF86370}
	EndGlobalSection
	GlobalSection(ExtensibilityGlobals) = postSolution
		SolutionGuid = {27D96DF0-DFA7-4BBF-ACFD-68C05AA9AAD2}
	EndGlobalSection
EndGlobal
