
Microsoft Visual Studio Solution File, Format Version 12.00
# Visual Studio Version 16
VisualStudioVersion = 16.0.33927.289
MinimumVisualStudioVersion = 10.0.40219.1
Project("{2150E333-8FDC-42A3-9474-1A3956D46DE8}") = "Task0", "Task0", "{B869A928-B46D-4C7C-976E-D507420CF7F0}"
EndProject
Project("{FAE04EC0-301F-11D3-BF4B-00C04F79EFBC}") = "Tyuiu.GrigorevKU.Sprint5.Task0.V8", "Tyuiu.GrigorevKU.Sprint5.Task0.V8\Tyuiu.GrigorevKU.Sprint5.Task0.V8.csproj", "{D14CA66B-8FCA-43EB-BC8C-31F06D5C6685}"
EndProject
Project("{FAE04EC0-301F-11D3-BF4B-00C04F79EFBC}") = "Tyuiu.GrigorevKU.Sprint5.Task0.V8.Lib", "Tyuiu.GrigorevKU.Sprint5.Task0.V8.Lib\Tyuiu.GrigorevKU.Sprint5.Task0.V8.Lib.csproj", "{1631FC9D-9328-4256-A720-88BD9F4023BF}"
EndProject
Project("{FAE04EC0-301F-11D3-BF4B-00C04F79EFBC}") = "Tyuiu.GrigorevKU.Sprint5.Task0.V8.Test", "Tyuiu.GrigorevKU.Sprint5.Task0.V8.Test\Tyuiu.GrigorevKU.Sprint5.Task0.V8.Test.csproj", "{845C4513-182E-460C-B3F5-65B16DD75398}"
EndProject
Global
	GlobalSection(SolutionConfigurationPlatforms) = preSolution
		Debug|Any CPU = Debug|Any CPU
		Release|Any CPU = Release|Any CPU
	EndGlobalSection
	GlobalSection(ProjectConfigurationPlatforms) = postSolution
		{D14CA66B-8FCA-43EB-BC8C-31F06D5C6685}.Debug|Any CPU.ActiveCfg = Debug|Any CPU
		{D14CA66B-8FCA-43EB-BC8C-31F06D5C6685}.Debug|Any CPU.Build.0 = Debug|Any CPU
		{D14CA66B-8FCA-43EB-BC8C-31F06D5C6685}.Release|Any CPU.ActiveCfg = Release|Any CPU
		{D14CA66B-8FCA-43EB-BC8C-31F06D5C6685}.Release|Any CPU.Build.0 = Release|Any CPU
		{1631FC9D-9328-4256-A720-88BD9F4023BF}.Debug|Any CPU.ActiveCfg = Debug|Any CPU
		{1631FC9D-9328-4256-A720-88BD9F4023BF}.Debug|Any CPU.Build.0 = Debug|Any CPU
		{1631FC9D-9328-4256-A720-88BD9F4023BF}.Release|Any CPU.ActiveCfg = Release|Any CPU
		{1631FC9D-9328-4256-A720-88BD9F4023BF}.Release|Any CPU.Build.0 = Release|Any CPU
		{845C4513-182E-460C-B3F5-65B16DD75398}.Debug|Any CPU.ActiveCfg = Debug|Any CPU
		{845C4513-182E-460C-B3F5-65B16DD75398}.Debug|Any CPU.Build.0 = Debug|Any CPU
		{845C4513-182E-460C-B3F5-65B16DD75398}.Release|Any CPU.ActiveCfg = Release|Any CPU
		{845C4513-182E-460C-B3F5-65B16DD75398}.Release|Any CPU.Build.0 = Release|Any CPU
	EndGlobalSection
	GlobalSection(SolutionProperties) = preSolution
		HideSolutionNode = FALSE
	EndGlobalSection
	GlobalSection(NestedProjects) = preSolution
		{D14CA66B-8FCA-43EB-BC8C-31F06D5C6685} = {B869A928-B46D-4C7C-976E-D507420CF7F0}
		{1631FC9D-9328-4256-A720-88BD9F4023BF} = {B869A928-B46D-4C7C-976E-D507420CF7F0}
		{845C4513-182E-460C-B3F5-65B16DD75398} = {B869A928-B46D-4C7C-976E-D507420CF7F0}
	EndGlobalSection
	GlobalSection(ExtensibilityGlobals) = postSolution
		SolutionGuid = {27D96DF0-DFA7-4BBF-ACFD-68C05AA9AAD2}
	EndGlobalSection
EndGlobal
